
Microsoft Visual Studio Solution File, Format Version 12.00
# Visual Studio Version 17
VisualStudioVersion = 17.4.33122.133
MinimumVisualStudioVersion = 10.0.40219.1
Project("{FAE04EC0-301F-11D3-BF4B-00C04F79EFBC}") = "matching game", "matching game\matching game.csproj", "{BA53FC7F-9599-4AD2-A020-841FB8886579}"
EndProject
Global
	GlobalSection(SolutionConfigurationPlatforms) = preSolution
		Debug|Any CPU = Debug|Any CPU
		Release|Any CPU = Release|Any CPU
	EndGlobalSection
	GlobalSection(ProjectConfigurationPlatforms) = postSolution
		{BA53FC7F-9599-4AD2-A020-841FB8886579}.Debug|Any CPU.ActiveCfg = Debug|Any CPU
		{BA53FC7F-9599-4AD2-A020-841FB8886579}.Debug|Any CPU.Build.0 = Debug|Any CPU
		{BA53FC7F-9599-4AD2-A020-841FB8886579}.Release|Any CPU.ActiveCfg = Release|Any CPU
		{BA53FC7F-9599-4AD2-A020-841FB8886579}.Release|Any CPU.Build.0 = Release|Any CPU
	EndGlobalSection
	GlobalSection(SolutionProperties) = preSolution
		HideSolutionNode = FALSE
	EndGlobalSection
	GlobalSection(ExtensibilityGlobals) = postSolution
		SolutionGuid = {7A5D4020-F84D-4C45-81B5-96940269102C}
	EndGlobalSection
EndGlobal
